<?xml version="1.0" encoding="utf-8"?>
<Project ToolsVersion="4.0" xmlns="http://schemas.microsoft.com/developer/msbuild/2003">
  <ItemGroup>
    <Filter Include="Source Files">
      <UniqueIdentifier>{4FC737F1-C7A5-4376-A066-2A32D752A2FF}</UniqueIdentifier>
      <Extensions>cpp;c;cc;cxx;def;odl;idl;hpj;bat;asm;asmx</Extensions>
    </Filter>
    <Filter Include="Header Files">
      <UniqueIdentifier>{93995380-89BD-4b04-88EB-625FBE52EBFB}</UniqueIdentifier>
      <Extensions>h;hpp;hxx;hm;inl;inc;xsd</Extensions>
    </Filter>
    <Filter Include="Resource Files">
      <UniqueIdentifier>{67DA6AB6-F800-4c08-8B7A-83BB121AAD01}</UniqueIdentifier>
      <Extensions>rc;ico;cur;bmp;dlg;rc2;rct;bin;rgs;gif;jpg;jpeg;jpe;resx;tiff;tif;png;wav;mfcribbon-ms</Extensions>
    </Filter>
    <Filter Include="Driver Files">
      <UniqueIdentifier>{8E41214B-6785-4CFE-B992-037D68949A14}</UniqueIdentifier>
      <Extensions>inf;inv;inx;mof;mc;</Extensions>
    </Filter>
  </ItemGroup>
  <ItemGroup>
    <Inf Include="DisplayMiniportDriver.inf">
      <Filter>Driver Files</Filter>
    </Inf>
  </ItemGroup>
  <ItemGroup>
    <ClCompile Include="src\Driver.cpp">
      <Filter>Source Files</Filter>
    </ClCompile>
    <ClCompile Include="src\AddDevice.cpp">
      <Filter>Source Files</Filter>
    </ClCompile>
    <ClCompile Include="src\RemoveDevice.cpp">
      <Filter>Source Files</Filter>
    </ClCompile>
    <ClCompile Include="src\MemoryAllocator.c">
      <Filter>Source Files</Filter>
    </ClCompile>
    <ClCompile Include="src\StartDevice.cpp">
      <Filter>Source Files</Filter>
    </ClCompile>
    <ClCompile Include="src\FilterUnload.c">
      <Filter>Source Files</Filter>
    </ClCompile>
    <ClCompile Include="src\FilterInstanceQueryTeardown.c">
      <Filter>Source Files</Filter>
    </ClCompile>
    <ClCompile Include="src\FilterInstanceSetup.c">
      <Filter>Source Files</Filter>
    </ClCompile>
    <ClCompile Include="src\FilterConnectNotify.c">
      <Filter>Source Files</Filter>
    </ClCompile>
    <ClCompile Include="src\FilterDeviceManager.c">
      <Filter>Source Files</Filter>
    </ClCompile>
    <ClCompile Include="src\FilterDisconnectNotify.c">
      <Filter>Source Files</Filter>
    </ClCompile>
    <ClCompile Include="src\FilterMessageNotify.c">
      <Filter>Source Files</Filter>
    </ClCompile>
    <ClCompile Include="src\DeviceComms.cpp">
      <Filter>Source Files</Filter>
    </ClCompile>
    <ClCompile Include="src\StopDevice.cpp">
      <Filter>Source Files</Filter>
    </ClCompile>
    <ClCompile Include="src\QueryAdapterInfo.cpp">
      <Filter>Source Files</Filter>
    </ClCompile>
    <ClCompile Include="src\StopDeviceAndReleasePostDisplayOwnership.cpp">
      <Filter>Source Files</Filter>
    </ClCompile>
    <ClCompile Include="src\SetPowerState.cpp">
      <Filter>Source Files</Filter>
    </ClCompile>
    <ClCompile Include="src\SetVidPnSourceVisibility.cpp">
      <Filter>Source Files</Filter>
    </ClCompile>
    <ClCompile Include="src\Logging.c">
      <Filter>Source Files</Filter>
    </ClCompile>
    <ClCompile Include="src\ResetDevice.cpp">
      <Filter>Source Files</Filter>
    </ClCompile>
    <ClCompile Include="src\QueryInterface.cpp">
      <Filter>Source Files</Filter>
    </ClCompile>
    <ClCompile Include="src\I2CInterface.c">
      <Filter>Source Files</Filter>
    </ClCompile>
    <ClCompile Include="src\Guids.c">
      <Filter>Source Files</Filter>
    </ClCompile>
    <ClCompile Include="src\DispatchIoRequest.cpp">
      <Filter>Source Files</Filter>
    </ClCompile>
    <ClCompile Include="src\InterruptRoutine.cpp">
      <Filter>Source Files</Filter>
    </ClCompile>
    <ClCompile Include="src\DpcRoutine.cpp">
      <Filter>Source Files</Filter>
    </ClCompile>
    <ClCompile Include="src\QueryChildRelations.cpp">
      <Filter>Source Files</Filter>
    </ClCompile>
    <ClCompile Include="src\QueryChildStatus.cpp">
      <Filter>Source Files</Filter>
    </ClCompile>
    <ClCompile Include="src\QueryDeviceDescriptor.cpp">
      <Filter>Source Files</Filter>
    </ClCompile>
    <ClCompile Include="src\NotifyAcpiEvent.cpp">
      <Filter>Source Files</Filter>
    </ClCompile>
    <ClCompile Include="src\ControlEtwLogging.cpp">
      <Filter>Source Files</Filter>
    </ClCompile>
    <ClCompile Include="src\IsSupportedVidPn.cpp">
      <Filter>Source Files</Filter>
    </ClCompile>
    <ClCompile Include="src\PresentDisplayOnly.cpp">
      <Filter>Source Files</Filter>
    </ClCompile>
    <ClCompile Include="src\HyDevice.cpp">
      <Filter>Source Files</Filter>
    </ClCompile>
    <ClCompile Include="src\RegisterMemCopy.c">
      <Filter>Source Files</Filter>
    </ClCompile>
    <ClCompile Include="src\RecommendFunctionalVidPn.cpp">
      <Filter>Source Files</Filter>
    </ClCompile>
    <ClCompile Include="src\EnumVidPnCofuncModality.cpp">
      <Filter>Source Files</Filter>
    </ClCompile>
    <ClCompile Include="src\CommitVidPn.cpp">
      <Filter>Source Files</Filter>
    </ClCompile>
    <ClCompile Include="src\UpdateActiveVidPnPresentPath.cpp">
      <Filter>Source Files</Filter>
    </ClCompile>
    <ClCompile Include="src\BlockTransfer.cpp">
      <Filter>Source Files</Filter>
    </ClCompile>
    <ClCompile Include="src\DevThunks.cpp">
      <Filter>Source Files</Filter>
    </ClCompile>
    <ClCompile Include="src\ControlInterrupt.cpp">
      <Filter>Source Files</Filter>
    </ClCompile>
    <ClCompile Include="src\CollectDbgInfo.cpp">
      <Filter>Source Files</Filter>
    </ClCompile>
    <ClCompile Include="src\GetScanLine.cpp">
      <Filter>Source Files</Filter>
    </ClCompile>
    <ClCompile Include="src\GsPresentManager.cpp">
      <Filter>Source Files</Filter>
    </ClCompile>
    <ClCompile Include="src\Devices.cpp">
      <Filter>Source Files</Filter>
    </ClCompile>
    <ClCompile Include="src\GsMemoryManager.cpp">
      <Filter>Source Files</Filter>
    </ClCompile>
    <ClCompile Include="src\GsGraphicsContext.cpp">
      <Filter>Source Files</Filter>
    </ClCompile>
  </ItemGroup>
  <ItemGroup>
    <ClInclude Include="include\MemoryAllocator.h">
      <Filter>Header Files</Filter>
    </ClInclude>
    <ClInclude Include="include\AddDevice.hpp">
      <Filter>Header Files</Filter>
    </ClInclude>
    <ClInclude Include="include\RemoveDevice.hpp">
      <Filter>Header Files</Filter>
    </ClInclude>
    <ClInclude Include="include\StartDevice.hpp">
      <Filter>Header Files</Filter>
    </ClInclude>
    <ClInclude Include="include\FilterUnload.h">
      <Filter>Header Files</Filter>
    </ClInclude>
    <ClInclude Include="include\FilterInstanceQueryTeardown.h">
      <Filter>Header Files</Filter>
    </ClInclude>
    <ClInclude Include="include\FilterInstanceSetup.h">
      <Filter>Header Files</Filter>
    </ClInclude>
    <ClInclude Include="include\FilterConnectNotify.h">
      <Filter>Header Files</Filter>
    </ClInclude>
    <ClInclude Include="include\FilterDeviceManager.h">
      <Filter>Header Files</Filter>
    </ClInclude>
    <ClInclude Include="include\FilterDisconnectNotify.h">
      <Filter>Header Files</Filter>
    </ClInclude>
    <ClInclude Include="include\FilterMessageNotify.h">
      <Filter>Header Files</Filter>
    </ClInclude>
    <ClInclude Include="include\DeviceComms.hpp">
      <Filter>Header Files</Filter>
    </ClInclude>
    <ClInclude Include="include\StopDevice.hpp">
      <Filter>Header Files</Filter>
    </ClInclude>
    <ClInclude Include="include\comms\MessageType.h">
      <Filter>Header Files</Filter>
    </ClInclude>
    <ClInclude Include="include\QueryAdapterInfo.hpp">
      <Filter>Header Files</Filter>
    </ClInclude>
    <ClInclude Include="include\Config.h">
      <Filter>Header Files</Filter>
    </ClInclude>
    <ClInclude Include="include\StopDeviceAndReleasePostDisplayOwnership.hpp">
      <Filter>Header Files</Filter>
    </ClInclude>
    <ClInclude Include="include\SetPowerState.hpp">
      <Filter>Header Files</Filter>
    </ClInclude>
    <ClInclude Include="include\SetVidPnSourceVisibility.hpp">
      <Filter>Header Files</Filter>
    </ClInclude>
    <ClInclude Include="include\Logging.h">
      <Filter>Header Files</Filter>
    </ClInclude>
    <ClInclude Include="include\ResetDevice.hpp">
      <Filter>Header Files</Filter>
    </ClInclude>
    <ClInclude Include="include\QueryInterface.hpp">
      <Filter>Header Files</Filter>
    </ClInclude>
    <ClInclude Include="include\I2CInterface.h">
      <Filter>Header Files</Filter>
    </ClInclude>
    <ClInclude Include="include\DispatchIoRequest.hpp">
      <Filter>Header Files</Filter>
    </ClInclude>
    <ClInclude Include="include\InterruptRoutine.hpp">
      <Filter>Header Files</Filter>
    </ClInclude>
    <ClInclude Include="include\DpcRoutine.hpp">
      <Filter>Header Files</Filter>
    </ClInclude>
    <ClInclude Include="include\QueryChildRelations.hpp">
      <Filter>Header Files</Filter>
    </ClInclude>
    <ClInclude Include="include\QueryChildStatus.hpp">
      <Filter>Header Files</Filter>
    </ClInclude>
    <ClInclude Include="include\QueryDeviceDescriptor.hpp">
      <Filter>Header Files</Filter>
    </ClInclude>
    <ClInclude Include="include\NotifyAcpiEvent.hpp">
      <Filter>Header Files</Filter>
    </ClInclude>
    <ClInclude Include="include\ControlEtwLogging.hpp">
      <Filter>Header Files</Filter>
    </ClInclude>
    <ClInclude Include="include\RegisterMemCopy.h">
      <Filter>Header Files</Filter>
    </ClInclude>
    <ClInclude Include="include\IsSupportedVidPn.hpp">
      <Filter>Header Files</Filter>
    </ClInclude>
    <ClInclude Include="include\PresentDisplayOnly.hpp">
      <Filter>Header Files</Filter>
    </ClInclude>
    <ClInclude Include="include\Objects.hpp">
      <Filter>Header Files</Filter>
    </ClInclude>
    <ClInclude Include="include\HyDevice.hpp">
      <Filter>Header Files</Filter>
    </ClInclude>
    <ClInclude Include="include\EnumVidPnCofuncModality.hpp">
      <Filter>Header Files</Filter>
    </ClInclude>
    <ClInclude Include="include\RecommendFunctionalVidPn.hpp">
      <Filter>Header Files</Filter>
    </ClInclude>
    <ClInclude Include="include\Common.h">
      <Filter>Header Files</Filter>
    </ClInclude>
    <ClInclude Include="include\CommitVidPn.hpp">
      <Filter>Header Files</Filter>
    </ClInclude>
    <ClInclude Include="include\UpdateActiveVidPnPresentPath.hpp">
      <Filter>Header Files</Filter>
    </ClInclude>
    <ClInclude Include="include\BlockTransfer.hpp">
      <Filter>Header Files</Filter>
    </ClInclude>
    <ClInclude Include="include\DevThunks.hpp">
      <Filter>Header Files</Filter>
    </ClInclude>
    <ClInclude Include="include\ControlInterrupt.hpp">
      <Filter>Header Files</Filter>
    </ClInclude>
    <ClInclude Include="include\CollectDbgInfo.hpp">
      <Filter>Header Files</Filter>
    </ClInclude>
    <ClInclude Include="include\GetScanLine.hpp">
      <Filter>Header Files</Filter>
    </ClInclude>
    <ClInclude Include="include\D3DPolyFills.h">
      <Filter>Header Files</Filter>
    </ClInclude>
    <ClInclude Include="include\GsPresentManager.hpp">
      <Filter>Header Files</Filter>
    </ClInclude>
    <ClInclude Include="include\XStdDefPolyFill.h">
      <Filter>Header Files</Filter>
    </ClInclude>
    <ClInclude Include="include\GsMemoryManager.hpp">
      <Filter>Header Files</Filter>
    </ClInclude>
    <ClInclude Include="include\Devices.hpp">
      <Filter>Header Files</Filter>
    </ClInclude>
    <ClInclude Include="include\GsGraphicsContext.hpp">
      <Filter>Header Files</Filter>
    </ClInclude>
  </ItemGroup>
</Project>