<?xml version="1.0" encoding="utf-8"?>
<Project ToolsVersion="4.0" xmlns="http://schemas.microsoft.com/developer/msbuild/2003">
  <ItemGroup>
    <Filter Include="Source Files">
      <UniqueIdentifier>{4FC737F1-C7A5-4376-A066-2A32D752A2FF}</UniqueIdentifier>
      <Extensions>cpp;c;cc;cxx;def;odl;idl;hpj;bat;asm;asmx</Extensions>
    </Filter>
    <Filter Include="Header Files">
      <UniqueIdentifier>{93995380-89BD-4b04-88EB-625FBE52EBFB}</UniqueIdentifier>
      <Extensions>h;hpp;hxx;hm;inl;inc;xsd</Extensions>
    </Filter>
    <Filter Include="Resource Files">
      <UniqueIdentifier>{67DA6AB6-F800-4c08-8B7A-83BB121AAD01}</UniqueIdentifier>
      <Extensions>rc;ico;cur;bmp;dlg;rc2;rct;bin;rgs;gif;jpg;jpeg;jpe;resx;tiff;tif;png;wav;mfcribbon-ms</Extensions>
    </Filter>
    <Filter Include="Driver Files">
      <UniqueIdentifier>{8E41214B-6785-4CFE-B992-037D68949A14}</UniqueIdentifier>
      <Extensions>inf;inv;inx;mof;mc;</Extensions>
    </Filter>
  </ItemGroup>
  <ItemGroup>
    <Inf Include="DisplayMiniportDriver.inf">
      <Filter>Driver Files</Filter>
    </Inf>
  </ItemGroup>
  <ItemGroup>
    <ClCompile Include="src\Driver.c">
      <Filter>Source Files</Filter>
    </ClCompile>
    <ClCompile Include="src\AddDevice.c">
      <Filter>Source Files</Filter>
    </ClCompile>
    <ClCompile Include="src\RemoveDevice.c">
      <Filter>Source Files</Filter>
    </ClCompile>
    <ClCompile Include="src\MemoryAllocator.c">
      <Filter>Source Files</Filter>
    </ClCompile>
    <ClCompile Include="src\StartDevice.c">
      <Filter>Source Files</Filter>
    </ClCompile>
    <ClCompile Include="src\FilterUnload.c">
      <Filter>Source Files</Filter>
    </ClCompile>
    <ClCompile Include="src\FilterInstanceQueryTeardown.c">
      <Filter>Source Files</Filter>
    </ClCompile>
    <ClCompile Include="src\FilterInstanceSetup.c">
      <Filter>Source Files</Filter>
    </ClCompile>
    <ClCompile Include="src\FilterConnectNotify.c">
      <Filter>Source Files</Filter>
    </ClCompile>
    <ClCompile Include="src\FilterDeviceManager.c">
      <Filter>Source Files</Filter>
    </ClCompile>
    <ClCompile Include="src\FilterDisconnectNotify.c">
      <Filter>Source Files</Filter>
    </ClCompile>
    <ClCompile Include="src\FilterMessageNotify.c">
      <Filter>Source Files</Filter>
    </ClCompile>
    <ClCompile Include="src\DeviceComms.c">
      <Filter>Source Files</Filter>
    </ClCompile>
    <ClCompile Include="src\StopDevice.c">
      <Filter>Source Files</Filter>
    </ClCompile>
    <ClCompile Include="src\QueryAdapterInfo.c">
      <Filter>Source Files</Filter>
    </ClCompile>
    <ClCompile Include="src\StopDeviceAndReleasePostDisplayOwnership.c">
      <Filter>Source Files</Filter>
    </ClCompile>
    <ClCompile Include="src\SetPowerState.c">
      <Filter>Source Files</Filter>
    </ClCompile>
    <ClCompile Include="src\SetVidPnSourceVisibility.c">
      <Filter>Source Files</Filter>
    </ClCompile>
  </ItemGroup>
  <ItemGroup>
    <ClInclude Include="include\MemoryAllocator.h">
      <Filter>Header Files</Filter>
    </ClInclude>
    <ClInclude Include="include\AddDevice.h">
      <Filter>Header Files</Filter>
    </ClInclude>
    <ClInclude Include="include\RemoveDevice.h">
      <Filter>Header Files</Filter>
    </ClInclude>
    <ClInclude Include="include\StartDevice.h">
      <Filter>Header Files</Filter>
    </ClInclude>
    <ClInclude Include="include\FilterUnload.h">
      <Filter>Header Files</Filter>
    </ClInclude>
    <ClInclude Include="include\FilterInstanceQueryTeardown.h">
      <Filter>Header Files</Filter>
    </ClInclude>
    <ClInclude Include="include\FilterInstanceSetup.h">
      <Filter>Header Files</Filter>
    </ClInclude>
    <ClInclude Include="include\FilterConnectNotify.h">
      <Filter>Header Files</Filter>
    </ClInclude>
    <ClInclude Include="include\FilterDeviceManager.h">
      <Filter>Header Files</Filter>
    </ClInclude>
    <ClInclude Include="include\FilterDisconnectNotify.h">
      <Filter>Header Files</Filter>
    </ClInclude>
    <ClInclude Include="include\FilterMessageNotify.h">
      <Filter>Header Files</Filter>
    </ClInclude>
    <ClInclude Include="include\DeviceComms.h">
      <Filter>Header Files</Filter>
    </ClInclude>
    <ClInclude Include="include\StopDevice.h">
      <Filter>Header Files</Filter>
    </ClInclude>
    <ClInclude Include="include\comms\MessageType.h">
      <Filter>Header Files</Filter>
    </ClInclude>
    <ClInclude Include="include\QueryAdapterInfo.h">
      <Filter>Header Files</Filter>
    </ClInclude>
    <ClInclude Include="include\Config.h">
      <Filter>Header Files</Filter>
    </ClInclude>
    <ClInclude Include="include\StopDeviceAndReleasePostDisplayOwnership.h">
      <Filter>Header Files</Filter>
    </ClInclude>
    <ClInclude Include="include\SetPowerState.h">
      <Filter>Header Files</Filter>
    </ClInclude>
    <ClInclude Include="include\SetVidPnSourceVisibility.h">
      <Filter>Header Files</Filter>
    </ClInclude>
  </ItemGroup>
</Project>