
Microsoft Visual Studio Solution File, Format Version 12.00
# Visual Studio Version 17
VisualStudioVersion = 17.0.32112.339
MinimumVisualStudioVersion = 10.0.40219.1
Project("{8BC9CEB8-8B4A-11D0-8D11-00A0C91BC942}") = "VulkanICD", "VulkanICD\VulkanICD.vcxproj", "{A80AFFFA-B640-416D-8A99-CBBB096D03F1}"
EndProject
Project("{8BC9CEB8-8B4A-11D0-8D11-00A0C91BC942}") = "D3DUserModeDriver", "D3DUserModeDriver\D3DUserModeDriver.vcxproj", "{F1BE8726-4036-4363-871C-F3AA89F2DA92}"
EndProject
Project("{8BC9CEB8-8B4A-11D0-8D11-00A0C91BC942}") = "D3D10Test", "D3D10Test\D3D10Test.vcxproj", "{FA3A0A0E-CE33-456B-A0D2-B9D65FF8DD52}"
EndProject
Global
	GlobalSection(SolutionConfigurationPlatforms) = preSolution
		Debug|x64 = Debug|x64
		Debug|x86 = Debug|x86
		MSVC|x64 = MSVC|x64
		MSVC|x86 = MSVC|x86
		Release|x64 = Release|x64
		Release|x86 = Release|x86
		TestSetup|x64 = TestSetup|x64
		TestSetup|x86 = TestSetup|x86
	EndGlobalSection
	GlobalSection(ProjectConfigurationPlatforms) = postSolution
		{A80AFFFA-B640-416D-8A99-CBBB096D03F1}.Debug|x64.ActiveCfg = Debug|x64
		{A80AFFFA-B640-416D-8A99-CBBB096D03F1}.Debug|x64.Build.0 = Debug|x64
		{A80AFFFA-B640-416D-8A99-CBBB096D03F1}.Debug|x86.ActiveCfg = Debug|Win32
		{A80AFFFA-B640-416D-8A99-CBBB096D03F1}.Debug|x86.Build.0 = Debug|Win32
		{A80AFFFA-B640-416D-8A99-CBBB096D03F1}.MSVC|x64.ActiveCfg = MSVC|x64
		{A80AFFFA-B640-416D-8A99-CBBB096D03F1}.MSVC|x64.Build.0 = MSVC|x64
		{A80AFFFA-B640-416D-8A99-CBBB096D03F1}.MSVC|x86.ActiveCfg = MSVC|Win32
		{A80AFFFA-B640-416D-8A99-CBBB096D03F1}.MSVC|x86.Build.0 = MSVC|Win32
		{A80AFFFA-B640-416D-8A99-CBBB096D03F1}.Release|x64.ActiveCfg = Release|x64
		{A80AFFFA-B640-416D-8A99-CBBB096D03F1}.Release|x64.Build.0 = Release|x64
		{A80AFFFA-B640-416D-8A99-CBBB096D03F1}.Release|x86.ActiveCfg = Release|Win32
		{A80AFFFA-B640-416D-8A99-CBBB096D03F1}.Release|x86.Build.0 = Release|Win32
		{A80AFFFA-B640-416D-8A99-CBBB096D03F1}.TestSetup|x64.ActiveCfg = TestSetup|x64
		{A80AFFFA-B640-416D-8A99-CBBB096D03F1}.TestSetup|x64.Build.0 = TestSetup|x64
		{A80AFFFA-B640-416D-8A99-CBBB096D03F1}.TestSetup|x86.ActiveCfg = TestSetup|Win32
		{A80AFFFA-B640-416D-8A99-CBBB096D03F1}.TestSetup|x86.Build.0 = TestSetup|Win32
		{F1BE8726-4036-4363-871C-F3AA89F2DA92}.Debug|x64.ActiveCfg = Debug|x64
		{F1BE8726-4036-4363-871C-F3AA89F2DA92}.Debug|x64.Build.0 = Debug|x64
		{F1BE8726-4036-4363-871C-F3AA89F2DA92}.Debug|x64.Deploy.0 = Debug|x64
		{F1BE8726-4036-4363-871C-F3AA89F2DA92}.Debug|x86.ActiveCfg = Debug|Win32
		{F1BE8726-4036-4363-871C-F3AA89F2DA92}.Debug|x86.Build.0 = Debug|Win32
		{F1BE8726-4036-4363-871C-F3AA89F2DA92}.Debug|x86.Deploy.0 = Debug|Win32
		{F1BE8726-4036-4363-871C-F3AA89F2DA92}.MSVC|x64.ActiveCfg = Debug|x64
		{F1BE8726-4036-4363-871C-F3AA89F2DA92}.MSVC|x64.Build.0 = Debug|x64
		{F1BE8726-4036-4363-871C-F3AA89F2DA92}.MSVC|x64.Deploy.0 = Debug|x64
		{F1BE8726-4036-4363-871C-F3AA89F2DA92}.MSVC|x86.ActiveCfg = Debug|Win32
		{F1BE8726-4036-4363-871C-F3AA89F2DA92}.MSVC|x86.Build.0 = Debug|Win32
		{F1BE8726-4036-4363-871C-F3AA89F2DA92}.MSVC|x86.Deploy.0 = Debug|Win32
		{F1BE8726-4036-4363-871C-F3AA89F2DA92}.Release|x64.ActiveCfg = Release|x64
		{F1BE8726-4036-4363-871C-F3AA89F2DA92}.Release|x64.Build.0 = Release|x64
		{F1BE8726-4036-4363-871C-F3AA89F2DA92}.Release|x64.Deploy.0 = Release|x64
		{F1BE8726-4036-4363-871C-F3AA89F2DA92}.Release|x86.ActiveCfg = Release|Win32
		{F1BE8726-4036-4363-871C-F3AA89F2DA92}.Release|x86.Build.0 = Release|Win32
		{F1BE8726-4036-4363-871C-F3AA89F2DA92}.Release|x86.Deploy.0 = Release|Win32
		{F1BE8726-4036-4363-871C-F3AA89F2DA92}.TestSetup|x64.ActiveCfg = Debug|x64
		{F1BE8726-4036-4363-871C-F3AA89F2DA92}.TestSetup|x64.Build.0 = Debug|x64
		{F1BE8726-4036-4363-871C-F3AA89F2DA92}.TestSetup|x64.Deploy.0 = Debug|x64
		{F1BE8726-4036-4363-871C-F3AA89F2DA92}.TestSetup|x86.ActiveCfg = Debug|Win32
		{F1BE8726-4036-4363-871C-F3AA89F2DA92}.TestSetup|x86.Build.0 = Debug|Win32
		{F1BE8726-4036-4363-871C-F3AA89F2DA92}.TestSetup|x86.Deploy.0 = Debug|Win32
		{FA3A0A0E-CE33-456B-A0D2-B9D65FF8DD52}.Debug|x64.ActiveCfg = Debug|x64
		{FA3A0A0E-CE33-456B-A0D2-B9D65FF8DD52}.Debug|x64.Build.0 = Debug|x64
		{FA3A0A0E-CE33-456B-A0D2-B9D65FF8DD52}.Debug|x86.ActiveCfg = Debug|Win32
		{FA3A0A0E-CE33-456B-A0D2-B9D65FF8DD52}.Debug|x86.Build.0 = Debug|Win32
		{FA3A0A0E-CE33-456B-A0D2-B9D65FF8DD52}.MSVC|x64.ActiveCfg = Debug|x64
		{FA3A0A0E-CE33-456B-A0D2-B9D65FF8DD52}.MSVC|x64.Build.0 = Debug|x64
		{FA3A0A0E-CE33-456B-A0D2-B9D65FF8DD52}.MSVC|x86.ActiveCfg = Debug|Win32
		{FA3A0A0E-CE33-456B-A0D2-B9D65FF8DD52}.MSVC|x86.Build.0 = Debug|Win32
		{FA3A0A0E-CE33-456B-A0D2-B9D65FF8DD52}.Release|x64.ActiveCfg = Release|x64
		{FA3A0A0E-CE33-456B-A0D2-B9D65FF8DD52}.Release|x64.Build.0 = Release|x64
		{FA3A0A0E-CE33-456B-A0D2-B9D65FF8DD52}.Release|x86.ActiveCfg = Release|Win32
		{FA3A0A0E-CE33-456B-A0D2-B9D65FF8DD52}.Release|x86.Build.0 = Release|Win32
		{FA3A0A0E-CE33-456B-A0D2-B9D65FF8DD52}.TestSetup|x64.ActiveCfg = Debug|x64
		{FA3A0A0E-CE33-456B-A0D2-B9D65FF8DD52}.TestSetup|x64.Build.0 = Debug|x64
		{FA3A0A0E-CE33-456B-A0D2-B9D65FF8DD52}.TestSetup|x86.ActiveCfg = Debug|Win32
		{FA3A0A0E-CE33-456B-A0D2-B9D65FF8DD52}.TestSetup|x86.Build.0 = Debug|Win32
	EndGlobalSection
	GlobalSection(SolutionProperties) = preSolution
		HideSolutionNode = FALSE
	EndGlobalSection
	GlobalSection(ExtensibilityGlobals) = postSolution
		SolutionGuid = {D53FEA9C-B58F-4C54-960B-34BE67925E84}
	EndGlobalSection
EndGlobal
